
Microsoft Visual Studio Solution File, Format Version 12.00
# Visual Studio Version 16
VisualStudioVersion = 16.0.29215.179
MinimumVisualStudioVersion = 10.0.40219.1
Project("{FAE04EC0-301F-11D3-BF4B-00C04F79EFBC}") = "dalzate1730ex1b", "dalzate1730ex1b\dalzate1730ex1b.csproj", "{F1FA5837-B0C5-4163-BF4B-324CA728FEDB}"
EndProject
Project("{FAE04EC0-301F-11D3-BF4B-00C04F79EFBC}") = "dalzate1c1", "dalzate1c1\dalzate1c1.csproj", "{6BB35F91-4101-45E1-8706-9F2C5D961944}"
EndProject
Project("{FAE04EC0-301F-11D3-BF4B-00C04F79EFBC}") = "dalzate1d1", "dalzate1d1\dalzate1d1.csproj", "{343D11CA-A22F-41F7-9C02-D00B9D2D1F51}"
EndProject
Project("{FAE04EC0-301F-11D3-BF4B-00C04F79EFBC}") = "dalzate1e1", "dalzate1e1\dalzate1e1.csproj", "{D02A4C34-EBE5-4E61-9237-88A4B5DF6EA1}"
EndProject
Project("{FAE04EC0-301F-11D3-BF4B-00C04F79EFBC}") = "dalzate1e2", "dalzate1e1.5\dalzate1e2.csproj", "{56634A7D-95E2-410F-8F57-ADB0E7BBE2C3}"
EndProject
Project("{FAE04EC0-301F-11D3-BF4B-00C04F79EFBC}") = "dalzate1f1", "dalzate1f1\dalzate1f1.csproj", "{2FF89677-30AA-45FE-94F0-18FD9D4186BA}"
EndProject
Project("{FAE04EC0-301F-11D3-BF4B-00C04F79EFBC}") = "dalzate1g1", "dalzate1g1\dalzate1g1.csproj", "{825B984C-8743-426B-B240-97C010F139BB}"
EndProject
Project("{FAE04EC0-301F-11D3-BF4B-00C04F79EFBC}") = "Variable Samp", "Variable Samp\Variable Samp.csproj", "{167145F3-5D92-49DD-9A0A-A7120A762AA3}"
EndProject
Project("{FAE04EC0-301F-11D3-BF4B-00C04F79EFBC}") = "dalzate2a1", "dalzate2a1\dalzate2a1.csproj", "{31DD3FCE-5394-42F9-94D1-866793F3D8E8}"
EndProject
Project("{FAE04EC0-301F-11D3-BF4B-00C04F79EFBC}") = "dalzate2b1", "dalzate2b1\dalzate2b1.csproj", "{03A3040B-9DD4-428E-8083-7DD6D6B11534}"
EndProject
Project("{FAE04EC0-301F-11D3-BF4B-00C04F79EFBC}") = "dalzate2c1", "dalzate2c1\dalzate2c1.csproj", "{3C00A566-7BFD-4B5F-9C4C-FCC069DA1E5A}"
EndProject
Project("{FAE04EC0-301F-11D3-BF4B-00C04F79EFBC}") = "dalzate2d1", "dalzate2d1\dalzate2d1.csproj", "{E368EB3F-48C4-47A6-B560-FDBA5B423BAE}"
EndProject
Project("{FAE04EC0-301F-11D3-BF4B-00C04F79EFBC}") = "dalzate2e1", "dalzate2e1\dalzate2e1.csproj", "{834037F5-0F4E-40C3-B3EA-B07C452F7529}"
EndProject
Project("{FAE04EC0-301F-11D3-BF4B-00C04F79EFBC}") = "dalzate2e1UnitTests", "dalzate 2e1UnitTests\dalzate2e1UnitTests.csproj", "{8AF60EB4-32A2-47C5-94FD-74180406D49C}"
EndProject
Project("{FAE04EC0-301F-11D3-BF4B-00C04F79EFBC}") = "dalzate2f1", "dalzate2f1\dalzate2f1.csproj", "{5E694AF5-397B-408A-AF0F-4B9AC9B54A71}"
EndProject
Project("{FAE04EC0-301F-11D3-BF4B-00C04F79EFBC}") = "dalzate2fUnitTests.cs", "dalzate2fUnitTests.cs\dalzate2fUnitTests.cs.csproj", "{68E2AF45-721D-4609-8022-18D6F85FE286}"
EndProject
Project("{FAE04EC0-301F-11D3-BF4B-00C04F79EFBC}") = "dalzate2g1", "dalzate2g1\dalzate2g1.csproj", "{DFBF93EB-CAD3-4486-A0F6-255ED46ABF6F}"
EndProject
Project("{FAE04EC0-301F-11D3-BF4B-00C04F79EFBC}") = "dalzate2gUnitTests", "dalzate2gUnitTests\dalzate2gUnitTests.csproj", "{F4342CB4-55BD-4386-A3E6-FCA7A488D60E}"
EndProject
Project("{FAE04EC0-301F-11D3-BF4B-00C04F79EFBC}") = "dalzate2h1", "dalzate2h1\dalzate2h1.csproj", "{49CB1571-FD8C-4920-97F9-1A07094936B5}"
EndProject
Project("{FAE04EC0-301F-11D3-BF4B-00C04F79EFBC}") = "dalzate2h1.Tests", "dalzate2h1.Tests\dalzate2h1.Tests.csproj", "{75106368-18F2-4FE0-9C82-47424E99BD27}"
EndProject
Project("{FAE04EC0-301F-11D3-BF4B-00C04F79EFBC}") = "dalzate3a1", "dalzate3a1\dalzate3a1.csproj", "{B314E96E-A16B-4459-8986-A50DA931616C}"
EndProject
Project("{FAE04EC0-301F-11D3-BF4B-00C04F79EFBC}") = "dalzate3a1UnitTests", "dalzate3a1UnitTests\dalzate3a1UnitTests.csproj", "{88BD57C0-91B0-42F6-BFF2-CEC70E633EDB}"
EndProject
Project("{FAE04EC0-301F-11D3-BF4B-00C04F79EFBC}") = "dalzate2QUIZ", "dalzate2i1\dalzate2QUIZ.csproj", "{06F0EDE0-CA8E-4AB3-AB23-0EEA343E6677}"
EndProject
Project("{FAE04EC0-301F-11D3-BF4B-00C04F79EFBC}") = "dalzate3b1", "dalzate3b1\dalzate3b1.csproj", "{8A13A554-D4AF-45F5-A1CD-A07F54E75CCA}"
EndProject
Project("{9A19103F-16F7-4668-BE54-9A1E7A4F7556}") = "dalzate3b1UnitTest", "dalzate3b1UnitTest\dalzate3b1UnitTest.csproj", "{82DDA8AB-5604-48C2-85C0-19C5AC7262AF}"
EndProject
Project("{FAE04EC0-301F-11D3-BF4B-00C04F79EFBC}") = "dalzate3c1", "dalzate3c1\dalzate3c1.csproj", "{F9F59A70-37C2-4B09-AED7-6EBCAE636215}"
EndProject
Project("{FAE04EC0-301F-11D3-BF4B-00C04F79EFBC}") = "dalzate3c1UnitTests", "dalzate3c1UnitTests\dalzate3c1UnitTests.csproj", "{C1702D1F-4B2A-4AA6-8F96-AF710DAB4CB4}"
EndProject
Project("{FAE04EC0-301F-11D3-BF4B-00C04F79EFBC}") = "dalzate 2Quiz proper", "dalzate 2Quiz proper\dalzate 2Quiz proper.csproj", "{DDC2BE42-22E6-41FC-82BC-1A706606B2C4}"
EndProject
Project("{FAE04EC0-301F-11D3-BF4B-00C04F79EFBC}") = "dalzate3d1", "dalzate3d1\dalzate3d1.csproj", "{EF322FE4-E8E0-4314-B44A-B36996F89AFF}"
EndProject
Project("{FAE04EC0-301F-11D3-BF4B-00C04F79EFBC}") = "dalzate3Quiz1", "dalzate3Quiz1\dalzate3Quiz1.csproj", "{A4469FEC-FDDB-4E00-A04B-58F4F9827FD0}"
EndProject
Global
	GlobalSection(SolutionConfigurationPlatforms) = preSolution
		Debug|Any CPU = Debug|Any CPU
		Release|Any CPU = Release|Any CPU
	EndGlobalSection
	GlobalSection(ProjectConfigurationPlatforms) = postSolution
		{F1FA5837-B0C5-4163-BF4B-324CA728FEDB}.Debug|Any CPU.ActiveCfg = Debug|Any CPU
		{F1FA5837-B0C5-4163-BF4B-324CA728FEDB}.Debug|Any CPU.Build.0 = Debug|Any CPU
		{F1FA5837-B0C5-4163-BF4B-324CA728FEDB}.Release|Any CPU.ActiveCfg = Release|Any CPU
		{F1FA5837-B0C5-4163-BF4B-324CA728FEDB}.Release|Any CPU.Build.0 = Release|Any CPU
		{6BB35F91-4101-45E1-8706-9F2C5D961944}.Debug|Any CPU.ActiveCfg = Debug|Any CPU
		{6BB35F91-4101-45E1-8706-9F2C5D961944}.Debug|Any CPU.Build.0 = Debug|Any CPU
		{6BB35F91-4101-45E1-8706-9F2C5D961944}.Release|Any CPU.ActiveCfg = Release|Any CPU
		{6BB35F91-4101-45E1-8706-9F2C5D961944}.Release|Any CPU.Build.0 = Release|Any CPU
		{343D11CA-A22F-41F7-9C02-D00B9D2D1F51}.Debug|Any CPU.ActiveCfg = Debug|Any CPU
		{343D11CA-A22F-41F7-9C02-D00B9D2D1F51}.Debug|Any CPU.Build.0 = Debug|Any CPU
		{343D11CA-A22F-41F7-9C02-D00B9D2D1F51}.Release|Any CPU.ActiveCfg = Release|Any CPU
		{343D11CA-A22F-41F7-9C02-D00B9D2D1F51}.Release|Any CPU.Build.0 = Release|Any CPU
		{D02A4C34-EBE5-4E61-9237-88A4B5DF6EA1}.Debug|Any CPU.ActiveCfg = Debug|Any CPU
		{D02A4C34-EBE5-4E61-9237-88A4B5DF6EA1}.Debug|Any CPU.Build.0 = Debug|Any CPU
		{D02A4C34-EBE5-4E61-9237-88A4B5DF6EA1}.Release|Any CPU.ActiveCfg = Release|Any CPU
		{D02A4C34-EBE5-4E61-9237-88A4B5DF6EA1}.Release|Any CPU.Build.0 = Release|Any CPU
		{56634A7D-95E2-410F-8F57-ADB0E7BBE2C3}.Debug|Any CPU.ActiveCfg = Debug|Any CPU
		{56634A7D-95E2-410F-8F57-ADB0E7BBE2C3}.Debug|Any CPU.Build.0 = Debug|Any CPU
		{56634A7D-95E2-410F-8F57-ADB0E7BBE2C3}.Release|Any CPU.ActiveCfg = Release|Any CPU
		{56634A7D-95E2-410F-8F57-ADB0E7BBE2C3}.Release|Any CPU.Build.0 = Release|Any CPU
		{2FF89677-30AA-45FE-94F0-18FD9D4186BA}.Debug|Any CPU.ActiveCfg = Debug|Any CPU
		{2FF89677-30AA-45FE-94F0-18FD9D4186BA}.Debug|Any CPU.Build.0 = Debug|Any CPU
		{2FF89677-30AA-45FE-94F0-18FD9D4186BA}.Release|Any CPU.ActiveCfg = Release|Any CPU
		{2FF89677-30AA-45FE-94F0-18FD9D4186BA}.Release|Any CPU.Build.0 = Release|Any CPU
		{825B984C-8743-426B-B240-97C010F139BB}.Debug|Any CPU.ActiveCfg = Debug|Any CPU
		{825B984C-8743-426B-B240-97C010F139BB}.Debug|Any CPU.Build.0 = Debug|Any CPU
		{825B984C-8743-426B-B240-97C010F139BB}.Release|Any CPU.ActiveCfg = Release|Any CPU
		{825B984C-8743-426B-B240-97C010F139BB}.Release|Any CPU.Build.0 = Release|Any CPU
		{167145F3-5D92-49DD-9A0A-A7120A762AA3}.Debug|Any CPU.ActiveCfg = Debug|Any CPU
		{167145F3-5D92-49DD-9A0A-A7120A762AA3}.Debug|Any CPU.Build.0 = Debug|Any CPU
		{167145F3-5D92-49DD-9A0A-A7120A762AA3}.Release|Any CPU.ActiveCfg = Release|Any CPU
		{167145F3-5D92-49DD-9A0A-A7120A762AA3}.Release|Any CPU.Build.0 = Release|Any CPU
		{31DD3FCE-5394-42F9-94D1-866793F3D8E8}.Debug|Any CPU.ActiveCfg = Debug|Any CPU
		{31DD3FCE-5394-42F9-94D1-866793F3D8E8}.Debug|Any CPU.Build.0 = Debug|Any CPU
		{31DD3FCE-5394-42F9-94D1-866793F3D8E8}.Release|Any CPU.ActiveCfg = Release|Any CPU
		{31DD3FCE-5394-42F9-94D1-866793F3D8E8}.Release|Any CPU.Build.0 = Release|Any CPU
		{03A3040B-9DD4-428E-8083-7DD6D6B11534}.Debug|Any CPU.ActiveCfg = Debug|Any CPU
		{03A3040B-9DD4-428E-8083-7DD6D6B11534}.Debug|Any CPU.Build.0 = Debug|Any CPU
		{03A3040B-9DD4-428E-8083-7DD6D6B11534}.Release|Any CPU.ActiveCfg = Release|Any CPU
		{03A3040B-9DD4-428E-8083-7DD6D6B11534}.Release|Any CPU.Build.0 = Release|Any CPU
		{3C00A566-7BFD-4B5F-9C4C-FCC069DA1E5A}.Debug|Any CPU.ActiveCfg = Debug|Any CPU
		{3C00A566-7BFD-4B5F-9C4C-FCC069DA1E5A}.Debug|Any CPU.Build.0 = Debug|Any CPU
		{3C00A566-7BFD-4B5F-9C4C-FCC069DA1E5A}.Release|Any CPU.ActiveCfg = Release|Any CPU
		{3C00A566-7BFD-4B5F-9C4C-FCC069DA1E5A}.Release|Any CPU.Build.0 = Release|Any CPU
		{E368EB3F-48C4-47A6-B560-FDBA5B423BAE}.Debug|Any CPU.ActiveCfg = Debug|Any CPU
		{E368EB3F-48C4-47A6-B560-FDBA5B423BAE}.Debug|Any CPU.Build.0 = Debug|Any CPU
		{E368EB3F-48C4-47A6-B560-FDBA5B423BAE}.Release|Any CPU.ActiveCfg = Release|Any CPU
		{E368EB3F-48C4-47A6-B560-FDBA5B423BAE}.Release|Any CPU.Build.0 = Release|Any CPU
		{834037F5-0F4E-40C3-B3EA-B07C452F7529}.Debug|Any CPU.ActiveCfg = Debug|Any CPU
		{834037F5-0F4E-40C3-B3EA-B07C452F7529}.Debug|Any CPU.Build.0 = Debug|Any CPU
		{834037F5-0F4E-40C3-B3EA-B07C452F7529}.Release|Any CPU.ActiveCfg = Release|Any CPU
		{834037F5-0F4E-40C3-B3EA-B07C452F7529}.Release|Any CPU.Build.0 = Release|Any CPU
		{8AF60EB4-32A2-47C5-94FD-74180406D49C}.Debug|Any CPU.ActiveCfg = Debug|Any CPU
		{8AF60EB4-32A2-47C5-94FD-74180406D49C}.Debug|Any CPU.Build.0 = Debug|Any CPU
		{8AF60EB4-32A2-47C5-94FD-74180406D49C}.Release|Any CPU.ActiveCfg = Release|Any CPU
		{8AF60EB4-32A2-47C5-94FD-74180406D49C}.Release|Any CPU.Build.0 = Release|Any CPU
		{5E694AF5-397B-408A-AF0F-4B9AC9B54A71}.Debug|Any CPU.ActiveCfg = Debug|Any CPU
		{5E694AF5-397B-408A-AF0F-4B9AC9B54A71}.Debug|Any CPU.Build.0 = Debug|Any CPU
		{5E694AF5-397B-408A-AF0F-4B9AC9B54A71}.Release|Any CPU.ActiveCfg = Release|Any CPU
		{5E694AF5-397B-408A-AF0F-4B9AC9B54A71}.Release|Any CPU.Build.0 = Release|Any CPU
		{68E2AF45-721D-4609-8022-18D6F85FE286}.Debug|Any CPU.ActiveCfg = Debug|Any CPU
		{68E2AF45-721D-4609-8022-18D6F85FE286}.Debug|Any CPU.Build.0 = Debug|Any CPU
		{68E2AF45-721D-4609-8022-18D6F85FE286}.Release|Any CPU.ActiveCfg = Release|Any CPU
		{68E2AF45-721D-4609-8022-18D6F85FE286}.Release|Any CPU.Build.0 = Release|Any CPU
		{DFBF93EB-CAD3-4486-A0F6-255ED46ABF6F}.Debug|Any CPU.ActiveCfg = Debug|Any CPU
		{DFBF93EB-CAD3-4486-A0F6-255ED46ABF6F}.Debug|Any CPU.Build.0 = Debug|Any CPU
		{DFBF93EB-CAD3-4486-A0F6-255ED46ABF6F}.Release|Any CPU.ActiveCfg = Release|Any CPU
		{DFBF93EB-CAD3-4486-A0F6-255ED46ABF6F}.Release|Any CPU.Build.0 = Release|Any CPU
		{F4342CB4-55BD-4386-A3E6-FCA7A488D60E}.Debug|Any CPU.ActiveCfg = Debug|Any CPU
		{F4342CB4-55BD-4386-A3E6-FCA7A488D60E}.Debug|Any CPU.Build.0 = Debug|Any CPU
		{F4342CB4-55BD-4386-A3E6-FCA7A488D60E}.Release|Any CPU.ActiveCfg = Release|Any CPU
		{F4342CB4-55BD-4386-A3E6-FCA7A488D60E}.Release|Any CPU.Build.0 = Release|Any CPU
		{49CB1571-FD8C-4920-97F9-1A07094936B5}.Debug|Any CPU.ActiveCfg = Debug|Any CPU
		{49CB1571-FD8C-4920-97F9-1A07094936B5}.Debug|Any CPU.Build.0 = Debug|Any CPU
		{49CB1571-FD8C-4920-97F9-1A07094936B5}.Release|Any CPU.ActiveCfg = Release|Any CPU
		{49CB1571-FD8C-4920-97F9-1A07094936B5}.Release|Any CPU.Build.0 = Release|Any CPU
		{75106368-18F2-4FE0-9C82-47424E99BD27}.Debug|Any CPU.ActiveCfg = Debug|Any CPU
		{75106368-18F2-4FE0-9C82-47424E99BD27}.Debug|Any CPU.Build.0 = Debug|Any CPU
		{75106368-18F2-4FE0-9C82-47424E99BD27}.Release|Any CPU.ActiveCfg = Release|Any CPU
		{75106368-18F2-4FE0-9C82-47424E99BD27}.Release|Any CPU.Build.0 = Release|Any CPU
		{B314E96E-A16B-4459-8986-A50DA931616C}.Debug|Any CPU.ActiveCfg = Debug|Any CPU
		{B314E96E-A16B-4459-8986-A50DA931616C}.Debug|Any CPU.Build.0 = Debug|Any CPU
		{B314E96E-A16B-4459-8986-A50DA931616C}.Release|Any CPU.ActiveCfg = Release|Any CPU
		{B314E96E-A16B-4459-8986-A50DA931616C}.Release|Any CPU.Build.0 = Release|Any CPU
		{88BD57C0-91B0-42F6-BFF2-CEC70E633EDB}.Debug|Any CPU.ActiveCfg = Debug|Any CPU
		{88BD57C0-91B0-42F6-BFF2-CEC70E633EDB}.Debug|Any CPU.Build.0 = Debug|Any CPU
		{88BD57C0-91B0-42F6-BFF2-CEC70E633EDB}.Release|Any CPU.ActiveCfg = Release|Any CPU
		{88BD57C0-91B0-42F6-BFF2-CEC70E633EDB}.Release|Any CPU.Build.0 = Release|Any CPU
		{06F0EDE0-CA8E-4AB3-AB23-0EEA343E6677}.Debug|Any CPU.ActiveCfg = Debug|Any CPU
		{06F0EDE0-CA8E-4AB3-AB23-0EEA343E6677}.Debug|Any CPU.Build.0 = Debug|Any CPU
		{06F0EDE0-CA8E-4AB3-AB23-0EEA343E6677}.Release|Any CPU.ActiveCfg = Release|Any CPU
		{06F0EDE0-CA8E-4AB3-AB23-0EEA343E6677}.Release|Any CPU.Build.0 = Release|Any CPU
		{8A13A554-D4AF-45F5-A1CD-A07F54E75CCA}.Debug|Any CPU.ActiveCfg = Debug|Any CPU
		{8A13A554-D4AF-45F5-A1CD-A07F54E75CCA}.Debug|Any CPU.Build.0 = Debug|Any CPU
		{8A13A554-D4AF-45F5-A1CD-A07F54E75CCA}.Release|Any CPU.ActiveCfg = Release|Any CPU
		{8A13A554-D4AF-45F5-A1CD-A07F54E75CCA}.Release|Any CPU.Build.0 = Release|Any CPU
		{82DDA8AB-5604-48C2-85C0-19C5AC7262AF}.Debug|Any CPU.ActiveCfg = Debug|Any CPU
		{82DDA8AB-5604-48C2-85C0-19C5AC7262AF}.Debug|Any CPU.Build.0 = Debug|Any CPU
		{82DDA8AB-5604-48C2-85C0-19C5AC7262AF}.Release|Any CPU.ActiveCfg = Release|Any CPU
		{82DDA8AB-5604-48C2-85C0-19C5AC7262AF}.Release|Any CPU.Build.0 = Release|Any CPU
		{F9F59A70-37C2-4B09-AED7-6EBCAE636215}.Debug|Any CPU.ActiveCfg = Debug|Any CPU
		{F9F59A70-37C2-4B09-AED7-6EBCAE636215}.Debug|Any CPU.Build.0 = Debug|Any CPU
		{F9F59A70-37C2-4B09-AED7-6EBCAE636215}.Release|Any CPU.ActiveCfg = Release|Any CPU
		{F9F59A70-37C2-4B09-AED7-6EBCAE636215}.Release|Any CPU.Build.0 = Release|Any CPU
		{C1702D1F-4B2A-4AA6-8F96-AF710DAB4CB4}.Debug|Any CPU.ActiveCfg = Debug|Any CPU
		{C1702D1F-4B2A-4AA6-8F96-AF710DAB4CB4}.Debug|Any CPU.Build.0 = Debug|Any CPU
		{C1702D1F-4B2A-4AA6-8F96-AF710DAB4CB4}.Release|Any CPU.ActiveCfg = Release|Any CPU
		{C1702D1F-4B2A-4AA6-8F96-AF710DAB4CB4}.Release|Any CPU.Build.0 = Release|Any CPU
		{DDC2BE42-22E6-41FC-82BC-1A706606B2C4}.Debug|Any CPU.ActiveCfg = Debug|Any CPU
		{DDC2BE42-22E6-41FC-82BC-1A706606B2C4}.Debug|Any CPU.Build.0 = Debug|Any CPU
		{DDC2BE42-22E6-41FC-82BC-1A706606B2C4}.Release|Any CPU.ActiveCfg = Release|Any CPU
		{DDC2BE42-22E6-41FC-82BC-1A706606B2C4}.Release|Any CPU.Build.0 = Release|Any CPU
		{EF322FE4-E8E0-4314-B44A-B36996F89AFF}.Debug|Any CPU.ActiveCfg = Debug|Any CPU
		{EF322FE4-E8E0-4314-B44A-B36996F89AFF}.Debug|Any CPU.Build.0 = Debug|Any CPU
		{EF322FE4-E8E0-4314-B44A-B36996F89AFF}.Release|Any CPU.ActiveCfg = Release|Any CPU
		{EF322FE4-E8E0-4314-B44A-B36996F89AFF}.Release|Any CPU.Build.0 = Release|Any CPU
		{A4469FEC-FDDB-4E00-A04B-58F4F9827FD0}.Debug|Any CPU.ActiveCfg = Debug|Any CPU
		{A4469FEC-FDDB-4E00-A04B-58F4F9827FD0}.Debug|Any CPU.Build.0 = Debug|Any CPU
		{A4469FEC-FDDB-4E00-A04B-58F4F9827FD0}.Release|Any CPU.ActiveCfg = Release|Any CPU
		{A4469FEC-FDDB-4E00-A04B-58F4F9827FD0}.Release|Any CPU.Build.0 = Release|Any CPU
	EndGlobalSection
	GlobalSection(SolutionProperties) = preSolution
		HideSolutionNode = FALSE
	EndGlobalSection
	GlobalSection(ExtensibilityGlobals) = postSolution
		SolutionGuid = {9C784B47-5A9E-4785-BAA3-66B55CC008E0}
	EndGlobalSection
EndGlobal
